{
  "name": "wasaby-requirejs-loader",
  "version": "20.5000.0",
  "lockfileVersion": 1,
  "requires": true,
  "dependencies": {
    "@types/requirejs": {
      "version": "2.1.32",
      "resolved": "https://registry.npmjs.org/@types/requirejs/-/requirejs-2.1.32.tgz",
      "integrity": "sha512-TM8LeNLJkEKDcx2414tsU+aKX+Pcfx8siRgZJWsb16KT77TT2FxINO48dLLkx8a5fEuJYb+rcfgPcvq6vt96NQ==",
      "dev": true
    }
  }
}
